{
  "name": "@heymarco/icon",
  "version": "1.0.1",
  "lockfileVersion": 1,
  "requires": true,
  "dependencies": {
    "@heymarco/scss-utils": {
      "version": "1.0.10",
      "resolved": "https://registry.npmjs.org/@heymarco/scss-utils/-/scss-utils-1.0.10.tgz",
      "integrity": "sha512-Rs5LqMfMuD2rAwD0NbEAJ/vU+RU+TXYDTEhcC3ux3wc3yjMFXs+xrz6YWwp7JT3k1XBgaPCWYfYuA8lKSZ4NLQ=="
    }
  }
}
