{
  "name": "@heymarco/icon",
  "version": "1.0.0",
  "lockfileVersion": 1,
  "requires": true,
  "dependencies": {
    "@heymarco/scss-utils": {
      "version": "1.0.8",
      "resolved": "https://registry.npmjs.org/@heymarco/scss-utils/-/scss-utils-1.0.8.tgz",
      "integrity": "sha512-IByP7ZQZ/GNNzPPXN5rD0aPQaZwPKTkc8KKDmjuXKm4Qm7GLISkRXw91KPSAnETs7wdpi2mKcYySsyfmsN693Q=="
    }
  }
}
